
Microsoft Visual Studio Solution File, Format Version 12.00
# Visual Studio Version 17
VisualStudioVersion = 17.12.35506.116
MinimumVisualStudioVersion = 10.0.40219.1
Project("{FAE04EC0-301F-11D3-BF4B-00C04F79EFBC}") = "ApiGateway", "src\ApiGateway\ApiGateway.csproj", "{0B21C70E-48FF-4DCD-91FE-DDB465FCDACC}"
EndProject
Project("{FAE04EC0-301F-11D3-BF4B-00C04F79EFBC}") = "CatalogService", "src\CatalogService\CatalogService.csproj", "{F3E65015-413A-4F81-8E03-30060A03B119}"
EndProject
Project("{E53339B2-1760-4266-BCC7-CA923CBCF16C}") = "docker-compose", "docker-compose.dcproj", "{A93ADC98-5FFA-4C29-9C36-12582ADF9147}"
EndProject
Project("{FAE04EC0-301F-11D3-BF4B-00C04F79EFBC}") = "Shared", "src\Shared\Shared.csproj", "{CD1CBFEC-29D4-40C8-825D-92FC83314959}"
EndProject
Project("{FAE04EC0-301F-11D3-BF4B-00C04F79EFBC}") = "IntegrationTests", "src\IntegrationTests\IntegrationTests.csproj", "{78A27F5C-DACB-4400-B562-ADA6329E5861}"
EndProject
Global
	GlobalSection(SolutionConfigurationPlatforms) = preSolution
		Debug|Any CPU = Debug|Any CPU
		Release|Any CPU = Release|Any CPU
	EndGlobalSection
	GlobalSection(ProjectConfigurationPlatforms) = postSolution
		{0B21C70E-48FF-4DCD-91FE-DDB465FCDACC}.Debug|Any CPU.ActiveCfg = Debug|Any CPU
		{0B21C70E-48FF-4DCD-91FE-DDB465FCDACC}.Debug|Any CPU.Build.0 = Debug|Any CPU
		{0B21C70E-48FF-4DCD-91FE-DDB465FCDACC}.Release|Any CPU.ActiveCfg = Release|Any CPU
		{0B21C70E-48FF-4DCD-91FE-DDB465FCDACC}.Release|Any CPU.Build.0 = Release|Any CPU
		{F3E65015-413A-4F81-8E03-30060A03B119}.Debug|Any CPU.ActiveCfg = Debug|Any CPU
		{F3E65015-413A-4F81-8E03-30060A03B119}.Debug|Any CPU.Build.0 = Debug|Any CPU
		{F3E65015-413A-4F81-8E03-30060A03B119}.Release|Any CPU.ActiveCfg = Release|Any CPU
		{F3E65015-413A-4F81-8E03-30060A03B119}.Release|Any CPU.Build.0 = Release|Any CPU
		{A93ADC98-5FFA-4C29-9C36-12582ADF9147}.Debug|Any CPU.ActiveCfg = Debug|Any CPU
		{A93ADC98-5FFA-4C29-9C36-12582ADF9147}.Debug|Any CPU.Build.0 = Debug|Any CPU
		{A93ADC98-5FFA-4C29-9C36-12582ADF9147}.Release|Any CPU.ActiveCfg = Release|Any CPU
		{A93ADC98-5FFA-4C29-9C36-12582ADF9147}.Release|Any CPU.Build.0 = Release|Any CPU
		{CD1CBFEC-29D4-40C8-825D-92FC83314959}.Debug|Any CPU.ActiveCfg = Debug|Any CPU
		{CD1CBFEC-29D4-40C8-825D-92FC83314959}.Debug|Any CPU.Build.0 = Debug|Any CPU
		{CD1CBFEC-29D4-40C8-825D-92FC83314959}.Release|Any CPU.ActiveCfg = Release|Any CPU
		{CD1CBFEC-29D4-40C8-825D-92FC83314959}.Release|Any CPU.Build.0 = Release|Any CPU
		{78A27F5C-DACB-4400-B562-ADA6329E5861}.Debug|Any CPU.ActiveCfg = Debug|Any CPU
		{78A27F5C-DACB-4400-B562-ADA6329E5861}.Debug|Any CPU.Build.0 = Debug|Any CPU
		{78A27F5C-DACB-4400-B562-ADA6329E5861}.Release|Any CPU.ActiveCfg = Release|Any CPU
		{78A27F5C-DACB-4400-B562-ADA6329E5861}.Release|Any CPU.Build.0 = Release|Any CPU
	EndGlobalSection
	GlobalSection(SolutionProperties) = preSolution
		HideSolutionNode = FALSE
	EndGlobalSection
EndGlobal
